Microsoft Visual Studio Solution File, Format Version 12.00
# Visual Studio 15
VisualStudioVersion = 15.0.26124.0
MinimumVisualStudioVersion = 15.0.26124.0
Project("{9A19103F-16F7-4668-BE54-9A1E7A4F7556}") = "Contracts", "Contracts\Contracts.csproj", "{79935B3A-BB8D-488C-BBC7-2878BF309D16}"
EndProject
Project("{9A19103F-16F7-4668-BE54-9A1E7A4F7556}") = "Grains", "Grains\Grains.csproj", "{B2E82E69-483D-4287-88BE-E8286D1907C7}"
EndProject
Project("{9A19103F-16F7-4668-BE54-9A1E7A4F7556}") = "Silo", "Silo\Silo.csproj", "{762BCD73-6E63-4B8E-A999-63ACB63AFFFC}"
EndProject
Project("{9A19103F-16F7-4668-BE54-9A1E7A4F7556}") = "Client", "Client\Client.csproj", "{969DB501-6972-4551-AF8C-94CBB9BB1DF8}"
EndProject
Global
	GlobalSection(SolutionConfigurationPlatforms) = preSolution
		Debug|Any CPU = Debug|Any CPU
		Debug|x64 = Debug|x64
		Debug|x86 = Debug|x86
		Release|Any CPU = Release|Any CPU
		Release|x64 = Release|x64
		Release|x86 = Release|x86
	EndGlobalSection
	GlobalSection(ProjectConfigurationPlatforms) = postSolution
		{79935B3A-BB8D-488C-BBC7-2878BF309D16}.Debug|Any CPU.ActiveCfg = Debug|Any CPU
		{79935B3A-BB8D-488C-BBC7-2878BF309D16}.Debug|Any CPU.Build.0 = Debug|Any CPU
		{79935B3A-BB8D-488C-BBC7-2878BF309D16}.Debug|x64.ActiveCfg = Debug|Any CPU
		{79935B3A-BB8D-488C-BBC7-2878BF309D16}.Debug|x64.Build.0 = Debug|Any CPU
		{79935B3A-BB8D-488C-BBC7-2878BF309D16}.Debug|x86.ActiveCfg = Debug|Any CPU
		{79935B3A-BB8D-488C-BBC7-2878BF309D16}.Debug|x86.Build.0 = Debug|Any CPU
		{79935B3A-BB8D-488C-BBC7-2878BF309D16}.Release|Any CPU.ActiveCfg = Release|Any CPU
		{79935B3A-BB8D-488C-BBC7-2878BF309D16}.Release|Any CPU.Build.0 = Release|Any CPU
		{79935B3A-BB8D-488C-BBC7-2878BF309D16}.Release|x64.ActiveCfg = Release|Any CPU
		{79935B3A-BB8D-488C-BBC7-2878BF309D16}.Release|x64.Build.0 = Release|Any CPU
		{79935B3A-BB8D-488C-BBC7-2878BF309D16}.Release|x86.ActiveCfg = Release|Any CPU
		{79935B3A-BB8D-488C-BBC7-2878BF309D16}.Release|x86.Build.0 = Release|Any CPU
		{B2E82E69-483D-4287-88BE-E8286D1907C7}.Debug|Any CPU.ActiveCfg = Debug|Any CPU
		{B2E82E69-483D-4287-88BE-E8286D1907C7}.Debug|Any CPU.Build.0 = Debug|Any CPU
		{B2E82E69-483D-4287-88BE-E8286D1907C7}.Debug|x64.ActiveCfg = Debug|Any CPU
		{B2E82E69-483D-4287-88BE-E8286D1907C7}.Debug|x64.Build.0 = Debug|Any CPU
		{B2E82E69-483D-4287-88BE-E8286D1907C7}.Debug|x86.ActiveCfg = Debug|Any CPU
		{B2E82E69-483D-4287-88BE-E8286D1907C7}.Debug|x86.Build.0 = Debug|Any CPU
		{B2E82E69-483D-4287-88BE-E8286D1907C7}.Release|Any CPU.ActiveCfg = Release|Any CPU
		{B2E82E69-483D-4287-88BE-E8286D1907C7}.Release|Any CPU.Build.0 = Release|Any CPU
		{B2E82E69-483D-4287-88BE-E8286D1907C7}.Release|x64.ActiveCfg = Release|Any CPU
		{B2E82E69-483D-4287-88BE-E8286D1907C7}.Release|x64.Build.0 = Release|Any CPU
		{B2E82E69-483D-4287-88BE-E8286D1907C7}.Release|x86.ActiveCfg = Release|Any CPU
		{B2E82E69-483D-4287-88BE-E8286D1907C7}.Release|x86.Build.0 = Release|Any CPU
		{762BCD73-6E63-4B8E-A999-63ACB63AFFFC}.Debug|Any CPU.ActiveCfg = Debug|Any CPU
		{762BCD73-6E63-4B8E-A999-63ACB63AFFFC}.Debug|Any CPU.Build.0 = Debug|Any CPU
		{762BCD73-6E63-4B8E-A999-63ACB63AFFFC}.Debug|x64.ActiveCfg = Debug|Any CPU
		{762BCD73-6E63-4B8E-A999-63ACB63AFFFC}.Debug|x64.Build.0 = Debug|Any CPU
		{762BCD73-6E63-4B8E-A999-63ACB63AFFFC}.Debug|x86.ActiveCfg = Debug|Any CPU
		{762BCD73-6E63-4B8E-A999-63ACB63AFFFC}.Debug|x86.Build.0 = Debug|Any CPU
		{762BCD73-6E63-4B8E-A999-63ACB63AFFFC}.Release|Any CPU.ActiveCfg = Release|Any CPU
		{762BCD73-6E63-4B8E-A999-63ACB63AFFFC}.Release|Any CPU.Build.0 = Release|Any CPU
		{762BCD73-6E63-4B8E-A999-63ACB63AFFFC}.Release|x64.ActiveCfg = Release|Any CPU
		{762BCD73-6E63-4B8E-A999-63ACB63AFFFC}.Release|x64.Build.0 = Release|Any CPU
		{762BCD73-6E63-4B8E-A999-63ACB63AFFFC}.Release|x86.ActiveCfg = Release|Any CPU
		{762BCD73-6E63-4B8E-A999-63ACB63AFFFC}.Release|x86.Build.0 = Release|Any CPU
		{969DB501-6972-4551-AF8C-94CBB9BB1DF8}.Debug|Any CPU.ActiveCfg = Debug|Any CPU
		{969DB501-6972-4551-AF8C-94CBB9BB1DF8}.Debug|Any CPU.Build.0 = Debug|Any CPU
		{969DB501-6972-4551-AF8C-94CBB9BB1DF8}.Debug|x64.ActiveCfg = Debug|Any CPU
		{969DB501-6972-4551-AF8C-94CBB9BB1DF8}.Debug|x64.Build.0 = Debug|Any CPU
		{969DB501-6972-4551-AF8C-94CBB9BB1DF8}.Debug|x86.ActiveCfg = Debug|Any CPU
		{969DB501-6972-4551-AF8C-94CBB9BB1DF8}.Debug|x86.Build.0 = Debug|Any CPU
		{969DB501-6972-4551-AF8C-94CBB9BB1DF8}.Release|Any CPU.ActiveCfg = Release|Any CPU
		{969DB501-6972-4551-AF8C-94CBB9BB1DF8}.Release|Any CPU.Build.0 = Release|Any CPU
		{969DB501-6972-4551-AF8C-94CBB9BB1DF8}.Release|x64.ActiveCfg = Release|Any CPU
		{969DB501-6972-4551-AF8C-94CBB9BB1DF8}.Release|x64.Build.0 = Release|Any CPU
		{969DB501-6972-4551-AF8C-94CBB9BB1DF8}.Release|x86.ActiveCfg = Release|Any CPU
		{969DB501-6972-4551-AF8C-94CBB9BB1DF8}.Release|x86.Build.0 = Release|Any CPU
	EndGlobalSection
	GlobalSection(SolutionProperties) = preSolution
		HideSolutionNode = FALSE
	EndGlobalSection
	GlobalSection(ExtensibilityGlobals) = postSolution
		SolutionGuid = {B5EB6874-07DA-4FAE-A5F9-4DA4F10D9A02}
	EndGlobalSection
EndGlobal
